
Microsoft Visual Studio Solution File, Format Version 12.00
# Visual Studio Version 17
VisualStudioVersion = 17.5.002.0
MinimumVisualStudioVersion = 10.0.40219.1
Project("{9A19103F-16F7-4668-BE54-9A1E7A4F7556}") = "ToDoList", "ToDoList\ToDoList.csproj", "{61EAB4B1-1536-4390-839B-5AFA80D1C353}"
EndProject
Global
	GlobalSection(SolutionConfigurationPlatforms) = preSolution
		Debug|Any CPU = Debug|Any CPU
		Release|Any CPU = Release|Any CPU
	EndGlobalSection
	GlobalSection(ProjectConfigurationPlatforms) = postSolution
		{61EAB4B1-1536-4390-839B-5AFA80D1C353}.Debug|Any CPU.ActiveCfg = Debug|Any CPU
		{61EAB4B1-1536-4390-839B-5AFA80D1C353}.Debug|Any CPU.Build.0 = Debug|Any CPU
		{61EAB4B1-1536-4390-839B-5AFA80D1C353}.Release|Any CPU.ActiveCfg = Release|Any CPU
		{61EAB4B1-1536-4390-839B-5AFA80D1C353}.Release|Any CPU.Build.0 = Release|Any CPU
	EndGlobalSection
	GlobalSection(SolutionProperties) = preSolution
		HideSolutionNode = FALSE
	EndGlobalSection
	GlobalSection(ExtensibilityGlobals) = postSolution
		SolutionGuid = {6521D3BA-6BB2-41D4-860E-59BD18438EE2}
	EndGlobalSection
EndGlobal
